
Microsoft Visual Studio Solution File, Format Version 12.00
# Visual Studio Version 16
VisualStudioVersion = 16.0.31019.35
MinimumVisualStudioVersion = 10.0.40219.1
Project("{FAE04EC0-301F-11D3-BF4B-00C04F79EFBC}") = "RestApsNet_Scanfold", "RestApsNet_Scanfold\RestApsNet_Scanfold.csproj", "{9032609F-217C-4AD0-9F4D-142B683FE711}"
EndProject
Global
	GlobalSection(SolutionConfigurationPlatforms) = preSolution
		Debug|Any CPU = Debug|Any CPU
		Release|Any CPU = Release|Any CPU
	EndGlobalSection
	GlobalSection(ProjectConfigurationPlatforms) = postSolution
		{9032609F-217C-4AD0-9F4D-142B683FE711}.Debug|Any CPU.ActiveCfg = Debug|Any CPU
		{9032609F-217C-4AD0-9F4D-142B683FE711}.Debug|Any CPU.Build.0 = Debug|Any CPU
		{9032609F-217C-4AD0-9F4D-142B683FE711}.Release|Any CPU.ActiveCfg = Release|Any CPU
		{9032609F-217C-4AD0-9F4D-142B683FE711}.Release|Any CPU.Build.0 = Release|Any CPU
	EndGlobalSection
	GlobalSection(SolutionProperties) = preSolution
		HideSolutionNode = FALSE
	EndGlobalSection
	GlobalSection(ExtensibilityGlobals) = postSolution
		SolutionGuid = {3F6DEFC6-7072-4466-A60A-96E37035B19E}
	EndGlobalSection
EndGlobal
